Microsoft Visual Studio Solution File, Format Version 12.00
# Visual Studio 15
VisualStudioVersion = 15.0.27703.2042
MinimumVisualStudioVersion = 10.0.40219.1
Project("{2150E333-8FDC-42A3-9474-1A3956D46DE8}") = "Solution Items", "Solution Items", "{F6106BCD-31B2-4041-AF26-44E757E67D64}"
	ProjectSection(SolutionItems) = preProject
		nfive.yml = nfive.yml
	EndProjectSection
EndProject
Project("{FAE04EC0-301F-11D3-BF4B-00C04F79EFBC}") = "StreetPosition.Client", "StreetPosition.Client\StreetPosition.Client.csproj", "{B110999B-749D-4F10-BDF6-7662D23B6498}"
EndProject
Project("{FAE04EC0-301F-11D3-BF4B-00C04F79EFBC}") = "StreetPosition.Shared", "StreetPosition.Shared\StreetPosition.Shared.csproj", "{346E058D-BD77-4074-98B8-78F6E40FC0B1}"
EndProject
Project("{FAE04EC0-301F-11D3-BF4B-00C04F79EFBC}") = "StreetPosition.Server", "StreetPosition.Server\StreetPosition.Server.csproj", "{56156901-008A-48A1-86F6-A05D6B6E1160}"
EndProject
Global
	GlobalSection(SolutionConfigurationPlatforms) = preSolution
		Debug|Any CPU = Debug|Any CPU
		Release|Any CPU = Release|Any CPU
	EndGlobalSection
	GlobalSection(ProjectConfigurationPlatforms) = postSolution
		{B110999B-749D-4F10-BDF6-7662D23B6498}.Debug|Any CPU.ActiveCfg = Debug|Any CPU
		{B110999B-749D-4F10-BDF6-7662D23B6498}.Debug|Any CPU.Build.0 = Debug|Any CPU
		{B110999B-749D-4F10-BDF6-7662D23B6498}.Release|Any CPU.ActiveCfg = Release|Any CPU
		{B110999B-749D-4F10-BDF6-7662D23B6498}.Release|Any CPU.Build.0 = Release|Any CPU
		{346E058D-BD77-4074-98B8-78F6E40FC0B1}.Debug|Any CPU.ActiveCfg = Debug|Any CPU
		{346E058D-BD77-4074-98B8-78F6E40FC0B1}.Debug|Any CPU.Build.0 = Debug|Any CPU
		{346E058D-BD77-4074-98B8-78F6E40FC0B1}.Release|Any CPU.ActiveCfg = Release|Any CPU
		{346E058D-BD77-4074-98B8-78F6E40FC0B1}.Release|Any CPU.Build.0 = Release|Any CPU
		{56156901-008A-48A1-86F6-A05D6B6E1160}.Debug|Any CPU.ActiveCfg = Debug|Any CPU
		{56156901-008A-48A1-86F6-A05D6B6E1160}.Debug|Any CPU.Build.0 = Debug|Any CPU
		{56156901-008A-48A1-86F6-A05D6B6E1160}.Release|Any CPU.ActiveCfg = Release|Any CPU
		{56156901-008A-48A1-86F6-A05D6B6E1160}.Release|Any CPU.Build.0 = Release|Any CPU
	EndGlobalSection
	GlobalSection(SolutionProperties) = preSolution
		HideSolutionNode = FALSE
	EndGlobalSection
	GlobalSection(ExtensibilityGlobals) = postSolution
		SolutionGuid = {725BDC25-C4B9-4C6A-AF13-8B5BE12B2622}
	EndGlobalSection
EndGlobal
